// !$*UTF8*$!
{
	archiveVersion = 1;
	classes = {
	};
	objectVersion = 90;
	objects = {

/* Begin PBXBuildFile section */
		70292CB92F458670000432B6 /* FirebaseAuth in Frameworks */ = {isa = PBXBuildFile; productRef = 70292CB82F458670000432B6 /* FirebaseAuth */; };
		70292CBB2F458680000432B6 /* FirebaseFirestore in Frameworks */ = {isa = PBXBuildFile; productRef = 70292CBA2F458680000432B6 /* FirebaseFirestore */; };
		70292CBD2F45868A000432B6 /* FirebaseCore in Frameworks */ = {isa = PBXBuildFile; productRef = 70292CBC2F45868A000432B6 /* FirebaseCore */; };
		7073665C2F433EA900AED26A /* FirebaseAuth in Frameworks */ = {isa = PBXBuildFile; productRef = 7073665B2F433EA900AED26A /* FirebaseAuth */; };
		7073665E2F433EA900AED26A /* FirebaseFirestore in Frameworks */ = {isa = PBXBuildFile; productRef = 7073665D2F433EA900AED26A /* FirebaseFirestore */; };
/* End PBXBuildFile section */

/* Begin PBXFileReference section */
		707366652F433FA000AED26A /* ZAKARAdmin.app */ = {isa = PBXFileReference; explicitFileType = wrapper.application; includeInIndex = 0; path = ZAKARAdmin.app; sourceTree = BUILT_PRODUCTS_DIR; };
		70818D572F40AD51000F7F58 /* ZAKAR.app */ = {isa = PBXFileReference; explicitFileType = wrapper.application; includeInIndex = 0; path = ZAKAR.app; sourceTree = BUILT_PRODUCTS_DIR; };
/* End PBXFileReference section */

/* Begin PBXFileSystemSynchronizedBuildFileExceptionSet section */
		7073667B2F4340FB00AED26A /* Exceptions for "ZAKAR" folder in "ZAKARAdmin" target */ = {
			isa = PBXFileSystemSynchronizedBuildFileExceptionSet;
			membershipExceptions = (
				"client_703077622763-65q7bbbajbpjrmvck4mlovg3antk0fbc.apps.googleusercontent.com.plist",
				"GoogleService-Info.plist",
				LocalDB.swift,
			);
			target = 707366642F433FA000AED26A /* ZAKARAdmin */;
		};
		70B66E932F42151300561FF1 /* Exceptions for "ZAKAR" folder in "ZAKAR" target */ = {
			isa = PBXFileSystemSynchronizedBuildFileExceptionSet;
			membershipExceptions = (
				Info.plist,
			);
			target = 70EA55FA2F39DC1B005866CB /* ZAKAR */;
		};
/* End PBXFileSystemSynchronizedBuildFileExceptionSet section */

/* Begin PBXFileSystemSynchronizedRootGroup section */
		707366662F433FA000AED26A /* ZAKARAdmin */ = {
			isa = PBXFileSystemSynchronizedRootGroup;
			path = ZAKARAdmin;
			sourceTree = "<group>";
		};
		70EA55FD2F39DC1B005866CB /* ZAKAR */ = {
			isa = PBXFileSystemSynchronizedRootGroup;
			exceptions = (
				70B66E932F42151300561FF1 /* Exceptions for "ZAKAR" folder in "ZAKAR" target */,
				7073667B2F4340FB00AED26A /* Exceptions for "ZAKAR" folder in "ZAKARAdmin" target */,
			);
			path = ZAKAR;
			sourceTree = "<group>";
		};
/* End PBXFileSystemSynchronizedRootGroup section */

/* Begin PBXFrameworksBuildPhase section */
		707366622F433FA000AED26A /* Frameworks */ = {
			isa = PBXFrameworksBuildPhase;
			files = (
				70292CB92F458670000432B6 /* FirebaseAuth in Frameworks */,
				70292CBD2F45868A000432B6 /* FirebaseCore in Frameworks */,
				70292CBB2F458680000432B6 /* FirebaseFirestore in Frameworks */,
			);
		};
		70EA55F82F39DC1B005866CB /* Frameworks */ = {
			isa = PBXFrameworksBuildPhase;
			files = (
				7073665C2F433EA900AED26A /* FirebaseAuth in Frameworks */,
				7073665E2F433EA900AED26A /* FirebaseFirestore in Frameworks */,
			);
		};
/* End PBXFrameworksBuildPhase section */

/* Begin PBXGroup section */
		70292CB72F458670000432B6 /* Frameworks */ = {
			isa = PBXGroup;
			children = (
			);
			name = Frameworks;
			sourceTree = "<group>";
		};
		70EA55F22F39DC1B005866CB = {
			isa = PBXGroup;
			children = (
				70EA55FD2F39DC1B005866CB /* ZAKAR */,
				70818D572F40AD51000F7F58 /* ZAKAR.app */,
				707366652F433FA000AED26A /* ZAKARAdmin.app */,
				707366662F433FA000AED26A /* ZAKARAdmin */,
				70292CB72F458670000432B6 /* Frameworks */,
			);
			sourceTree = "<group>";
		};
/* End PBXGroup section */

/* Begin PBXNativeTarget section */
		707366642F433FA000AED26A /* ZAKARAdmin */ = {
			isa = PBXNativeTarget;
			buildConfigurationList = 7073666D2F433FA100AED26A /* Build configuration list for PBXNativeTarget "ZAKARAdmin" */;
			buildPhases = (
				707366612F433FA000AED26A /* Sources */,
				707366622F433FA000AED26A /* Frameworks */,
				707366632F433FA000AED26A /* Resources */,
			);
			buildRules = (
			);
			fileSystemSynchronizedGroups = (
				707366662F433FA000AED26A /* ZAKARAdmin */,
			);
			name = ZAKARAdmin;
			packageProductDependencies = (
				70292CB82F458670000432B6 /* FirebaseAuth */,
				70292CBA2F458680000432B6 /* FirebaseFirestore */,
				70292CBC2F45868A000432B6 /* FirebaseCore */,
			);
			productName = ZAKARAdmin;
			productReference = 707366652F433FA000AED26A /* ZAKARAdmin.app */;
			productType = "com.apple.product-type.application";
		};
		70EA55FA2F39DC1B005866CB /* ZAKAR */ = {
			isa = PBXNativeTarget;
			buildConfigurationList = 70EA56062F39DC1D005866CB /* Build configuration list for PBXNativeTarget "ZAKAR" */;
			buildPhases = (
				70EA55F72F39DC1B005866CB /* Sources */,
				70EA55F82F39DC1B005866CB /* Frameworks */,
				70EA55F92F39DC1B005866CB /* Resources */,
			);
			buildRules = (
			);
			fileSystemSynchronizedGroups = (
				70EA55FD2F39DC1B005866CB /* ZAKAR */,
			);
			name = ZAKAR;
			packageProductDependencies = (
				7073665B2F433EA900AED26A /* FirebaseAuth */,
				7073665D2F433EA900AED26A /* FirebaseFirestore */,
			);
			productName = ZAKAR;
			productReference = 70818D572F40AD51000F7F58 /* ZAKAR.app */;
			productType = "com.apple.product-type.application";
		};
/* End PBXNativeTarget section */

/* Begin PBXProject section */
		70EA55F32F39DC1B005866CB /* Project object */ = {
			isa = PBXProject;
			attributes = {
				BuildIndependentTargetsInParallel = 1;
				LastSwiftUpdateCheck = 2630;
				LastUpgradeCheck = 2630;
				TargetAttributes = {
					707366642F433FA000AED26A = {
						CreatedOnToolsVersion = 26.3;
					};
					70EA55FA2F39DC1B005866CB = {
						CreatedOnToolsVersion = 26.2;
					};
				};
			};
			buildConfigurationList = 70EA55F62F39DC1B005866CB /* Build configuration list for PBXProject "ZAKAR" */;
			developmentRegion = en;
			hasScannedForEncodings = 0;
			knownRegions = (
				en,
				Base,
			);
			mainGroup = 70EA55F22F39DC1B005866CB;
			minimizedProjectReferenceProxies = 1;
			packageReferences = (
				7073665A2F433EA900AED26A /* XCRemoteSwiftPackageReference "firebase-ios-sdk" */,
			);
			preferredProjectObjectVersion = 90;
			productRefGroup = 70EA55F22F39DC1B005866CB;
			projectDirPath = "";
			projectRoot = "";
			targets = (
				70EA55FA2F39DC1B005866CB /* ZAKAR */,
				707366642F433FA000AED26A /* ZAKARAdmin */,
			);
		};
/* End PBXProject section */

/* Begin PBXResourcesBuildPhase section */
		707366632F433FA000AED26A /* Resources */ = {
			isa = PBXResourcesBuildPhase;
			files = (
			);
		};
		70EA55F92F39DC1B005866CB /* Resources */ = {
			isa = PBXResourcesBuildPhase;
			files = (
			);
		};
/* End PBXResourcesBuildPhase section */

/* Begin PBXSourcesBuildPhase section */
		707366612F433FA000AED26A /* Sources */ = {
			isa = PBXSourcesBuildPhase;
			files = (
			);
		};
		70EA55F72F39DC1B005866CB /* Sources */ = {
			isa = PBXSourcesBuildPhase;
			files = (
			);
		};
/* End PBXSourcesBuildPhase section */

/* Begin XCBuildConfiguration section */
		7073666E2F433FA100AED26A /* Debug configuration for PBXNativeTarget "ZAKARAdmin" */ = {
			isa = XCBuildConfiguration;
			buildSettings = {
				ASSETCATALOG_COMPILER_APPICON_NAME = AppIcon;
				ASSETCATALOG_COMPILER_GLOBAL_ACCENT_COLOR_NAME = AccentColor;
				CODE_SIGN_ENTITLEMENTS = ZAKARAdmin/ZAKARAdmin.entitlements;
				"CODE_SIGN_IDENTITY[sdk=macosx*]" = "Apple Development";
				CODE_SIGN_STYLE = Automatic;
				COMBINE_HIDPI_IMAGES = YES;
				CURRENT_PROJECT_VERSION = 1;
				DEAD_CODE_STRIPPING = YES;
				ENABLE_APP_SANDBOX = YES;
				ENABLE_HARDENED_RUNTIME = YES;
				ENABLE_PREVIEWS = YES;
				ENABLE_USER_SELECTED_FILES = readonly;
				GENERATE_INFOPLIST_FILE = YES;
				INFOPLIST_KEY_NSHumanReadableCopyright = "";
				LD_RUNPATH_SEARCH_PATHS = (
					"$(inherited)",
					"@executable_path/../Frameworks",
				);
				MACOSX_DEPLOYMENT_TARGET = 26.2;
				MARKETING_VERSION = 1.0;
				PRODUCT_BUNDLE_IDENTIFIER = com..ZAKARAdmin;
				PRODUCT_NAME = "$(TARGET_NAME)";
				REGISTER_APP_GROUPS = YES;
				SDKROOT = macosx;
				STRING_CATALOG_GENERATE_SYMBOLS = YES;
				SWIFT_APPROACHABLE_CONCURRENCY = YES;
				SWIFT_DEFAULT_ACTOR_ISOLATION = MainActor;
				SWIFT_EMIT_LOC_STRINGS = YES;
				SWIFT_UPCOMING_FEATURE_MEMBER_IMPORT_VISIBILITY = YES;
				SWIFT_VERSION = 5.0;
			};
			name = Debug;
		};
		7073666F2F433FA100AED26A /* Release configuration for PBXNativeTarget "ZAKARAdmin" */ = {
			isa = XCBuildConfiguration;
			buildSettings = {
				ASSETCATALOG_COMPILER_APPICON_NAME = AppIcon;
				ASSETCATALOG_COMPILER_GLOBAL_ACCENT_COLOR_NAME = AccentColor;
				CODE_SIGN_ENTITLEMENTS = ZAKARAdmin/ZAKARAdmin.entitlements;
				"CODE_SIGN_IDENTITY[sdk=macosx*]" = "Apple Development";
				CODE_SIGN_STYLE = Automatic;
				COMBINE_HIDPI_IMAGES = YES;
				CURRENT_PROJECT_VERSION = 1;
				DEAD_CODE_STRIPPING = YES;
				ENABLE_APP_SANDBOX = YES;
				ENABLE_HARDENED_RUNTIME = YES;
				ENABLE_PREVIEWS = YES;
				ENABLE_USER_SELECTED_FILES = readonly;
				GENERATE_INFOPLIST_FILE = YES;
				INFOPLIST_KEY_NSHumanReadableCopyright = "";
				LD_RUNPATH_SEARCH_PATHS = (
					"$(inherited)",
					"@executable_path/../Frameworks",
				);
				MACOSX_DEPLOYMENT_TARGET = 26.2;
				MARKETING_VERSION = 1.0;
				PRODUCT_BUNDLE_IDENTIFIER = com..ZAKARAdmin;
				PRODUCT_NAME = "$(TARGET_NAME)";
				REGISTER_APP_GROUPS = YES;
				SDKROOT = macosx;
				STRING_CATALOG_GENERATE_SYMBOLS = YES;
				SWIFT_APPROACHABLE_CONCURRENCY = YES;
				SWIFT_DEFAULT_ACTOR_ISOLATION = MainActor;
				SWIFT_EMIT_LOC_STRINGS = YES;
				SWIFT_UPCOMING_FEATURE_MEMBER_IMPORT_VISIBILITY = YES;
				SWIFT_VERSION = 5.0;
			};
			name = Release;
		};
		70EA56042F39DC1D005866CB /* Debug configuration for PBXProject "ZAKAR" */ = {
			isa = XCBuildConfiguration;
			buildSettings = {
				ALWAYS_SEARCH_USER_PATHS = NO;
				ASSETCATALOG_COMPILER_GENERATE_SWIFT_ASSET_SYMBOL_EXTENSIONS = YES;
				CLANG_ANALYZER_NONNULL = YES;
				CLANG_ANALYZER_NUMBER_OBJECT_CONVERSION = YES_AGGRESSIVE;
				CLANG_CXX_LANGUAGE_STANDARD = "gnu++20";
				CLANG_ENABLE_MODULES = YES;
				CLANG_ENABLE_OBJC_ARC = YES;
				CLANG_ENABLE_OBJC_WEAK = YES;
				CLANG_WARN_BLOCK_CAPTURE_AUTORELEASING = YES;
				CLANG_WARN_BOOL_CONVERSION = YES;
				CLANG_WARN_COMMA = YES;
				CLANG_WARN_CONSTANT_CONVERSION = YES;
				CLANG_WARN_DEPRECATED_OBJC_IMPLEMENTATIONS = YES;
				CLANG_WARN_DIRECT_OBJC_ISA_USAGE = YES_ERROR;
				CLANG_WARN_DOCUMENTATION_COMMENTS = YES;
				CLANG_WARN_EMPTY_BODY = YES;
				CLANG_WARN_ENUM_CONVERSION = YES;
				CLANG_WARN_INFINITE_RECURSION = YES;
				CLANG_WARN_INT_CONVERSION = YES;
				CLANG_WARN_NON_LITERAL_NULL_CONVERSION = YES;
				CLANG_WARN_OBJC_IMPLICIT_RETAIN_SELF = YES;
				CLANG_WARN_OBJC_LITERAL_CONVERSION = YES;
				CLANG_WARN_OBJC_ROOT_CLASS = YES_ERROR;
				CLANG_WARN_QUOTED_INCLUDE_IN_FRAMEWORK_HEADER = YES;
				CLANG_WARN_RANGE_LOOP_ANALYSIS = YES;
				CLANG_WARN_STRICT_PROTOTYPES = YES;
				CLANG_WARN_SUSPICIOUS_MOVE = YES;
				CLANG_WARN_UNGUARDED_AVAILABILITY = YES_AGGRESSIVE;
				CLANG_WARN_UNREACHABLE_CODE = YES;
				CLANG_WARN__DUPLICATE_METHOD_MATCH = YES;
				COMPILER_INDEX_STORE_ENABLE = NO;
				COPY_PHASE_STRIP = NO;
				DEBUG_INFORMATION_FORMAT = dwarf;
				DEVELOPMENT_TEAM = 3WZ7DUJB2W;
				ENABLE_STRICT_OBJC_MSGSEND = YES;
				ENABLE_TESTABILITY = YES;
				ENABLE_USER_SCRIPT_SANDBOXING = YES;
				GCC_C_LANGUAGE_STANDARD = gnu17;
				GCC_DYNAMIC_NO_PIC = NO;
				GCC_NO_COMMON_BLOCKS = YES;
				GCC_OPTIMIZATION_LEVEL = 0;
				GCC_PREPROCESSOR_DEFINITIONS = (
					"DEBUG=1",
					"$(inherited)",
				);
				GCC_WARN_64_TO_32_BIT_CONVERSION = YES;
				GCC_WARN_ABOUT_RETURN_TYPE = YES_ERROR;
				GCC_WARN_UNDECLARED_SELECTOR = YES;
				GCC_WARN_UNINITIALIZED_AUTOS = YES_AGGRESSIVE;
				GCC_WARN_UNUSED_FUNCTION = YES;
				GCC_WARN_UNUSED_VARIABLE = YES;
				IPHONEOS_DEPLOYMENT_TARGET = 17.0;
				LOCALIZATION_PREFERS_STRING_CATALOGS = YES;
				MTL_ENABLE_DEBUG_INFO = INCLUDE_SOURCE;
				MTL_FAST_MATH = YES;
				ONLY_ACTIVE_ARCH = YES;
				SDKROOT = iphoneos;
				STRING_CATALOG_GENERATE_SYMBOLS = YES;
				SWIFT_ACTIVE_COMPILATION_CONDITIONS = "DEBUG $(inherited)";
				SWIFT_COMPILATION_MODE = incremental;
				SWIFT_OPTIMIZATION_LEVEL = "-Onone";
			};
			name = Debug;
		};
		70EA56052F39DC1D005866CB /* Release configuration for PBXProject "ZAKAR" */ = {
			isa = XCBuildConfiguration;
			buildSettings = {
				ALWAYS_SEARCH_USER_PATHS = NO;
				ASSETCATALOG_COMPILER_GENERATE_SWIFT_ASSET_SYMBOL_EXTENSIONS = YES;
				CLANG_ANALYZER_NONNULL = YES;
				CLANG_ANALYZER_NUMBER_OBJECT_CONVERSION = YES_AGGRESSIVE;
				CLANG_CXX_LANGUAGE_STANDARD = "gnu++20";
				CLANG_ENABLE_MODULES = YES;
				CLANG_ENABLE_OBJC_ARC = YES;
				CLANG_ENABLE_OBJC_WEAK = YES;
				CLANG_WARN_BLOCK_CAPTURE_AUTORELEASING = YES;
				CLANG_WARN_BOOL_CONVERSION = YES;
				CLANG_WARN_COMMA = YES;
				CLANG_WARN_CONSTANT_CONVERSION = YES;
				CLANG_WARN_DEPRECATED_OBJC_IMPLEMENTATIONS = YES;
				CLANG_WARN_DIRECT_OBJC_ISA_USAGE = YES_ERROR;
				CLANG_WARN_DOCUMENTATION_COMMENTS = YES;
				CLANG_WARN_EMPTY_BODY = YES;
				CLANG_WARN_ENUM_CONVERSION = YES;
				CLANG_WARN_INFINITE_RECURSION = YES;
				CLANG_WARN_INT_CONVERSION = YES;
				CLANG_WARN_NON_LITERAL_NULL_CONVERSION = YES;
				CLANG_WARN_OBJC_IMPLICIT_RETAIN_SELF = YES;
				CLANG_WARN_OBJC_LITERAL_CONVERSION = YES;
				CLANG_WARN_OBJC_ROOT_CLASS = YES_ERROR;
				CLANG_WARN_QUOTED_INCLUDE_IN_FRAMEWORK_HEADER = YES;
				CLANG_WARN_RANGE_LOOP_ANALYSIS = YES;
				CLANG_WARN_STRICT_PROTOTYPES = YES;
				CLANG_WARN_SUSPICIOUS_MOVE = YES;
				CLANG_WARN_UNGUARDED_AVAILABILITY = YES_AGGRESSIVE;
				CLANG_WARN_UNREACHABLE_CODE = YES;
				CLANG_WARN__DUPLICATE_METHOD_MATCH = YES;
				COPY_PHASE_STRIP = NO;
				DEBUG_INFORMATION_FORMAT = "dwarf-with-dsym";
				DEVELOPMENT_TEAM = 3WZ7DUJB2W;
				ENABLE_NS_ASSERTIONS = NO;
				ENABLE_STRICT_OBJC_MSGSEND = YES;
				ENABLE_USER_SCRIPT_SANDBOXING = YES;
				GCC_C_LANGUAGE_STANDARD = gnu17;
				GCC_NO_COMMON_BLOCKS = YES;
				GCC_WARN_64_TO_32_BIT_CONVERSION = YES;
				GCC_WARN_ABOUT_RETURN_TYPE = YES_ERROR;
				GCC_WARN_UNDECLARED_SELECTOR = YES;
				GCC_WARN_UNINITIALIZED_AUTOS = YES_AGGRESSIVE;
				GCC_WARN_UNUSED_FUNCTION = YES;
				GCC_WARN_UNUSED_VARIABLE = YES;
				IPHONEOS_DEPLOYMENT_TARGET = 17.0;
				LOCALIZATION_PREFERS_STRING_CATALOGS = YES;
				MTL_ENABLE_DEBUG_INFO = NO;
				MTL_FAST_MATH = YES;
				SDKROOT = iphoneos;
				STRING_CATALOG_GENERATE_SYMBOLS = YES;
				SWIFT_COMPILATION_MODE = wholemodule;
				VALIDATE_PRODUCT = YES;
			};
			name = Release;
		};
		70EA56072F39DC1D005866CB /* Debug configuration for PBXNativeTarget "ZAKAR" */ = {
			isa = XCBuildConfiguration;
			buildSettings = {
				ASSETCATALOG_COMPILER_APPICON_NAME = AppIcon;
				ASSETCATALOG_COMPILER_GLOBAL_ACCENT_COLOR_NAME = AccentColor;
				CODE_SIGN_STYLE = Automatic;
				CURRENT_PROJECT_VERSION = 11;
				DEVELOPMENT_TEAM = 3WZ7DUJB2W;
				ENABLE_PREVIEWS = YES;
				GENERATE_INFOPLIST_FILE = YES;
				INFOPLIST_FILE = ZAKAR/Info.plist;
				INFOPLIST_KEY_LSApplicationCategoryType = "";
				INFOPLIST_KEY_NSCameraUsageDescription = "사진 촬영을 위해 카메라에 접근합니다.";
				INFOPLIST_KEY_NSPhotoLibraryAddUsageDescription = "정리된 사진을 저장하기 위해 사진 라이브러리에 접근합니다.";
				INFOPLIST_KEY_NSPhotoLibraryUsageDescription = "사진을 분석하고 아카이빙하기 위해 사진 라이브러리에 접근합니다.";
				INFOPLIST_KEY_UIApplicationSceneManifest_Generation = YES;
				INFOPLIST_KEY_UIApplicationSupportsIndirectInputEvents = YES;
				INFOPLIST_KEY_UILaunchScreen_Generation = YES;
				INFOPLIST_KEY_UISupportedInterfaceOrientations_iPad = "UIInterfaceOrientationPortrait UIInterfaceOrientationPortraitUpsideDown UIInterfaceOrientationLandscapeLeft UIInterfaceOrientationLandscapeRight";
				INFOPLIST_KEY_UISupportedInterfaceOrientations_iPhone = "UIInterfaceOrientationPortrait UIInterfaceOrientationLandscapeLeft UIInterfaceOrientationLandscapeRight";
				LD_RUNPATH_SEARCH_PATHS = (
					"$(inherited)",
					"@executable_path/Frameworks",
				);
				MARKETING_VERSION = 1.10;
				PRODUCT_BUNDLE_IDENTIFIER = com.zakar.app;
				PRODUCT_NAME = "$(TARGET_NAME)";
				STRING_CATALOG_GENERATE_SYMBOLS = YES;
				SUPPORTED_PLATFORMS = "iphoneos iphonesimulator";
				SUPPORTS_MACCATALYST = NO;
				SWIFT_APPROACHABLE_CONCURRENCY = YES;
				SWIFT_DEFAULT_ACTOR_ISOLATION = MainActor;
				SWIFT_EMIT_LOC_STRINGS = YES;
				SWIFT_UPCOMING_FEATURE_MEMBER_IMPORT_VISIBILITY = YES;
				SWIFT_VERSION = 5.0;
				TARGETED_DEVICE_FAMILY = 1;
			};
			name = Debug;
		};
		70EA56082F39DC1D005866CB /* Release configuration for PBXNativeTarget "ZAKAR" */ = {
			isa = XCBuildConfiguration;
			buildSettings = {
				ASSETCATALOG_COMPILER_APPICON_NAME = AppIcon;
				ASSETCATALOG_COMPILER_GLOBAL_ACCENT_COLOR_NAME = AccentColor;
				CODE_SIGN_STYLE = Automatic;
				CURRENT_PROJECT_VERSION = 11;
				DEVELOPMENT_TEAM = 3WZ7DUJB2W;
				ENABLE_PREVIEWS = YES;
				GENERATE_INFOPLIST_FILE = YES;
				INFOPLIST_FILE = ZAKAR/Info.plist;
				INFOPLIST_KEY_LSApplicationCategoryType = "";
				INFOPLIST_KEY_NSCameraUsageDescription = "사진 촬영을 위해 카메라에 접근합니다.";
				INFOPLIST_KEY_NSPhotoLibraryAddUsageDescription = "정리된 사진을 저장하기 위해 사진 라이브러리에 접근합니다.";
				INFOPLIST_KEY_NSPhotoLibraryUsageDescription = "사진을 분석하고 아카이빙하기 위해 사진 라이브러리에 접근합니다.";
				INFOPLIST_KEY_UIApplicationSceneManifest_Generation = YES;
				INFOPLIST_KEY_UIApplicationSupportsIndirectInputEvents = YES;
				INFOPLIST_KEY_UILaunchScreen_Generation = YES;
				INFOPLIST_KEY_UISupportedInterfaceOrientations_iPad = "UIInterfaceOrientationPortrait UIInterfaceOrientationPortraitUpsideDown UIInterfaceOrientationLandscapeLeft UIInterfaceOrientationLandscapeRight";
				INFOPLIST_KEY_UISupportedInterfaceOrientations_iPhone = "UIInterfaceOrientationPortrait UIInterfaceOrientationLandscapeLeft UIInterfaceOrientationLandscapeRight";
				LD_RUNPATH_SEARCH_PATHS = (
					"$(inherited)",
					"@executable_path/Frameworks",
				);
				MARKETING_VERSION = 1.10;
				PRODUCT_BUNDLE_IDENTIFIER = com.zakar.app;
				PRODUCT_NAME = "$(TARGET_NAME)";
				STRING_CATALOG_GENERATE_SYMBOLS = YES;
				SUPPORTED_PLATFORMS = "iphoneos iphonesimulator";
				SUPPORTS_MACCATALYST = NO;
				SWIFT_APPROACHABLE_CONCURRENCY = YES;
				SWIFT_DEFAULT_ACTOR_ISOLATION = MainActor;
				SWIFT_EMIT_LOC_STRINGS = YES;
				SWIFT_UPCOMING_FEATURE_MEMBER_IMPORT_VISIBILITY = YES;
				SWIFT_VERSION = 5.0;
				TARGETED_DEVICE_FAMILY = 1;
			};
			name = Release;
		};
/* End XCBuildConfiguration section */

/* Begin XCConfigurationList section */
		7073666D2F433FA100AED26A /* Build configuration list for PBXNativeTarget "ZAKARAdmin" */ = {
			isa = XCConfigurationList;
			buildConfigurations = (
				7073666E2F433FA100AED26A /* Debug configuration for PBXNativeTarget "ZAKARAdmin" */,
				7073666F2F433FA100AED26A /* Release configuration for PBXNativeTarget "ZAKARAdmin" */,
			);
			defaultConfigurationName = Release;
		};
		70EA55F62F39DC1B005866CB /* Build configuration list for PBXProject "ZAKAR" */ = {
			isa = XCConfigurationList;
			buildConfigurations = (
				70EA56042F39DC1D005866CB /* Debug configuration for PBXProject "ZAKAR" */,
				70EA56052F39DC1D005866CB /* Release configuration for PBXProject "ZAKAR" */,
			);
			defaultConfigurationName = Release;
		};
		70EA56062F39DC1D005866CB /* Build configuration list for PBXNativeTarget "ZAKAR" */ = {
			isa = XCConfigurationList;
			buildConfigurations = (
				70EA56072F39DC1D005866CB /* Debug configuration for PBXNativeTarget "ZAKAR" */,
				70EA56082F39DC1D005866CB /* Release configuration for PBXNativeTarget "ZAKAR" */,
			);
			defaultConfigurationName = Release;
		};
/* End XCConfigurationList section */

/* Begin XCRemoteSwiftPackageReference section */
		7073665A2F433EA900AED26A /* XCRemoteSwiftPackageReference "firebase-ios-sdk" */ = {
			isa = XCRemoteSwiftPackageReference;
			repositoryURL = "https://github.com/firebase/firebase-ios-sdk";
			requirement = {
				kind = upToNextMajorVersion;
				minimumVersion = 12.9.0;
			};
		};
/* End XCRemoteSwiftPackageReference section */

/* Begin XCSwiftPackageProductDependency section */
		70292CB82F458670000432B6 /* FirebaseAuth */ = {
			isa = XCSwiftPackageProductDependency;
			package = 7073665A2F433EA900AED26A /* XCRemoteSwiftPackageReference "firebase-ios-sdk" */;
			productName = FirebaseAuth;
		};
		70292CBA2F458680000432B6 /* FirebaseFirestore */ = {
			isa = XCSwiftPackageProductDependency;
			package = 7073665A2F433EA900AED26A /* XCRemoteSwiftPackageReference "firebase-ios-sdk" */;
			productName = FirebaseFirestore;
		};
		70292CBC2F45868A000432B6 /* FirebaseCore */ = {
			isa = XCSwiftPackageProductDependency;
			package = 7073665A2F433EA900AED26A /* XCRemoteSwiftPackageReference "firebase-ios-sdk" */;
			productName = FirebaseCore;
		};
		7073665B2F433EA900AED26A /* FirebaseAuth */ = {
			isa = XCSwiftPackageProductDependency;
			package = 7073665A2F433EA900AED26A /* XCRemoteSwiftPackageReference "firebase-ios-sdk" */;
			productName = FirebaseAuth;
		};
		7073665D2F433EA900AED26A /* FirebaseFirestore */ = {
			isa = XCSwiftPackageProductDependency;
			package = 7073665A2F433EA900AED26A /* XCRemoteSwiftPackageReference "firebase-ios-sdk" */;
			productName = FirebaseFirestore;
		};
/* End XCSwiftPackageProductDependency section */
	};
	rootObject = 70EA55F32F39DC1B005866CB /* Project object */;
}
